
Microsoft Visual Studio Solution File, Format Version 12.00
# Visual Studio Version 17
VisualStudioVersion = 17.7.34031.279
MinimumVisualStudioVersion = 10.0.40219.1
Project("{FAE04EC0-301F-11D3-BF4B-00C04F79EFBC}") = "MethodOverloadingDemoCSharp-41", "MethodOverloadingDemoCSharp-41\MethodOverloadingDemoCSharp-41.csproj", "{9BA115C8-CAB8-4E8D-8C14-0709B49F8349}"
EndProject
Global
	GlobalSection(SolutionConfigurationPlatforms) = preSolution
		Debug|Any CPU = Debug|Any CPU
		Release|Any CPU = Release|Any CPU
	EndGlobalSection
	GlobalSection(ProjectConfigurationPlatforms) = postSolution
		{9BA115C8-CAB8-4E8D-8C14-0709B49F8349}.Debug|Any CPU.ActiveCfg = Debug|Any CPU
		{9BA115C8-CAB8-4E8D-8C14-0709B49F8349}.Debug|Any CPU.Build.0 = Debug|Any CPU
		{9BA115C8-CAB8-4E8D-8C14-0709B49F8349}.Release|Any CPU.ActiveCfg = Release|Any CPU
		{9BA115C8-CAB8-4E8D-8C14-0709B49F8349}.Release|Any CPU.Build.0 = Release|Any CPU
	EndGlobalSection
	GlobalSection(SolutionProperties) = preSolution
		HideSolutionNode = FALSE
	EndGlobalSection
	GlobalSection(ExtensibilityGlobals) = postSolution
		SolutionGuid = {40A736B0-27A8-4EB6-A619-7D586A96DF4C}
	EndGlobalSection
EndGlobal
